
Microsoft Visual Studio Solution File, Format Version 12.00
# Visual Studio Version 17
VisualStudioVersion = 17.7.34202.233
MinimumVisualStudioVersion = 10.0.40219.1
Project("{FAE04EC0-301F-11D3-BF4B-00C04F79EFBC}") = "C#CodingBuddy", "C#CodingBuddy\C#CodingBuddy.csproj", "{9CDFF8A8-5DEE-4A01-8CF5-CA039880440A}"
EndProject
Global
	GlobalSection(SolutionConfigurationPlatforms) = preSolution
		Debug|Any CPU = Debug|Any CPU
		Release|Any CPU = Release|Any CPU
	EndGlobalSection
	GlobalSection(ProjectConfigurationPlatforms) = postSolution
		{9CDFF8A8-5DEE-4A01-8CF5-CA039880440A}.Debug|Any CPU.ActiveCfg = Debug|Any CPU
		{9CDFF8A8-5DEE-4A01-8CF5-CA039880440A}.Debug|Any CPU.Build.0 = Debug|Any CPU
		{9CDFF8A8-5DEE-4A01-8CF5-CA039880440A}.Release|Any CPU.ActiveCfg = Release|Any CPU
		{9CDFF8A8-5DEE-4A01-8CF5-CA039880440A}.Release|Any CPU.Build.0 = Release|Any CPU
	EndGlobalSection
	GlobalSection(SolutionProperties) = preSolution
		HideSolutionNode = FALSE
	EndGlobalSection
	GlobalSection(ExtensibilityGlobals) = postSolution
		SolutionGuid = {BECB0CD8-7886-45FC-863F-68C1463F64D7}
	EndGlobalSection
EndGlobal
